
Microsoft Visual Studio Solution File, Format Version 12.00
# Visual Studio Version 16
VisualStudioVersion = 16.0.29326.143
MinimumVisualStudioVersion = 10.0.40219.1
Project("{2150E333-8FDC-42A3-9474-1A3956D46DE8}") = "Domain", "Domain", "{77EBC463-E787-4970-B9CA-F41B24E7B188}"
EndProject
Project("{2150E333-8FDC-42A3-9474-1A3956D46DE8}") = "Infra.Bus", "Infra.Bus", "{C7D0B7CF-2E59-4282-87F4-592E55D8D3BC}"
EndProject
Project("{2150E333-8FDC-42A3-9474-1A3956D46DE8}") = "Infra.IoC", "Infra.IoC", "{E387896B-ED3F-4E80-A939-0D33F546A740}"
EndProject
Project("{2150E333-8FDC-42A3-9474-1A3956D46DE8}") = "Microservices", "Microservices", "{13E8AF8A-0DFA-49E3-8271-C561A57C3EFB}"
EndProject
Project("{2150E333-8FDC-42A3-9474-1A3956D46DE8}") = "Presentation", "Presentation", "{90E0FBB2-C3F6-49DF-AA6B-D2349CB333F1}"
EndProject
Project("{FAE04EC0-301F-11D3-BF4B-00C04F79EFBC}") = "MicroserviceRabbitMQ.Domain.Core", "MicroserviceRabbitMQ.Domain.Core\MicroserviceRabbitMQ.Domain.Core.csproj", "{7B280058-5509-4926-BE14-2FC54C158DF0}"
EndProject
Project("{FAE04EC0-301F-11D3-BF4B-00C04F79EFBC}") = "MicroserviceRabbitMQ.Infra.Bus", "MicroserviceRabbitMQ.Infra.Bus\MicroserviceRabbitMQ.Infra.Bus.csproj", "{F97E2414-C8F7-4307-B791-0CF7FA433AB3}"
EndProject
Project("{FAE04EC0-301F-11D3-BF4B-00C04F79EFBC}") = "MicroserviceRabbitMQ.Infra.IoC", "MicroserviceRabbitMQ.Infra.IoC\MicroserviceRabbitMQ.Infra.IoC.csproj", "{5EA91A06-DA5F-48B4-B888-4B304B63DF5B}"
EndProject
Project("{2150E333-8FDC-42A3-9474-1A3956D46DE8}") = "Banking", "Banking", "{C89E8E75-1CCF-41B4-804A-D411CA238DC1}"
EndProject
Project("{2150E333-8FDC-42A3-9474-1A3956D46DE8}") = "Domain", "Domain", "{FFDBD61F-D021-4A3F-8A30-7C7E8FE93726}"
EndProject
Project("{2150E333-8FDC-42A3-9474-1A3956D46DE8}") = "Application", "Application", "{5DE52610-982E-4FA3-928E-181D88D1454F}"
EndProject
Project("{2150E333-8FDC-42A3-9474-1A3956D46DE8}") = "Api", "Api", "{103EDE15-53EF-4842-9BF0-1B60C867D224}"
EndProject
Project("{2150E333-8FDC-42A3-9474-1A3956D46DE8}") = "Data", "Data", "{AE5FAFC9-FB72-4265-ADB8-00D57AC70679}"
EndProject
Project("{FAE04EC0-301F-11D3-BF4B-00C04F79EFBC}") = "MicroserviceRabbitMQ.Banking.Api", "MicroserviceRabbitMQ.Banking.Api\MicroserviceRabbitMQ.Banking.Api.csproj", "{179B26B0-47B3-4B76-9264-4E0844650ECD}"
EndProject
Project("{FAE04EC0-301F-11D3-BF4B-00C04F79EFBC}") = "MicroserviceRabbitMQ.Banking.Application", "MicroserviceRabbitMQ.Banking.Application\MicroserviceRabbitMQ.Banking.Application.csproj", "{FF951069-CB15-4BC0-87C3-BA658AE585A0}"
EndProject
Project("{FAE04EC0-301F-11D3-BF4B-00C04F79EFBC}") = "MicroserviceRabbitMQ.Banking.Data", "MicroserviceRabbitMQ.Banking.Data\MicroserviceRabbitMQ.Banking.Data.csproj", "{F7639E33-DC38-48CC-9CAF-16DAF8880082}"
EndProject
Project("{FAE04EC0-301F-11D3-BF4B-00C04F79EFBC}") = "MicroserviceRabbitMQ.Banking.Domain", "MicroserviceRabbitMQ.Banking.Domain\MicroserviceRabbitMQ.Banking.Domain.csproj", "{6DBA6A5E-499B-43D6-B45B-713272F52A6C}"
EndProject
Global
	GlobalSection(SolutionConfigurationPlatforms) = preSolution
		Debug|Any CPU = Debug|Any CPU
		Release|Any CPU = Release|Any CPU
	EndGlobalSection
	GlobalSection(ProjectConfigurationPlatforms) = postSolution
		{7B280058-5509-4926-BE14-2FC54C158DF0}.Debug|Any CPU.ActiveCfg = Debug|Any CPU
		{7B280058-5509-4926-BE14-2FC54C158DF0}.Debug|Any CPU.Build.0 = Debug|Any CPU
		{7B280058-5509-4926-BE14-2FC54C158DF0}.Release|Any CPU.ActiveCfg = Release|Any CPU
		{7B280058-5509-4926-BE14-2FC54C158DF0}.Release|Any CPU.Build.0 = Release|Any CPU
		{F97E2414-C8F7-4307-B791-0CF7FA433AB3}.Debug|Any CPU.ActiveCfg = Debug|Any CPU
		{F97E2414-C8F7-4307-B791-0CF7FA433AB3}.Debug|Any CPU.Build.0 = Debug|Any CPU
		{F97E2414-C8F7-4307-B791-0CF7FA433AB3}.Release|Any CPU.ActiveCfg = Release|Any CPU
		{F97E2414-C8F7-4307-B791-0CF7FA433AB3}.Release|Any CPU.Build.0 = Release|Any CPU
		{5EA91A06-DA5F-48B4-B888-4B304B63DF5B}.Debug|Any CPU.ActiveCfg = Debug|Any CPU
		{5EA91A06-DA5F-48B4-B888-4B304B63DF5B}.Debug|Any CPU.Build.0 = Debug|Any CPU
		{5EA91A06-DA5F-48B4-B888-4B304B63DF5B}.Release|Any CPU.ActiveCfg = Release|Any CPU
		{5EA91A06-DA5F-48B4-B888-4B304B63DF5B}.Release|Any CPU.Build.0 = Release|Any CPU
		{179B26B0-47B3-4B76-9264-4E0844650ECD}.Debug|Any CPU.ActiveCfg = Debug|Any CPU
		{179B26B0-47B3-4B76-9264-4E0844650ECD}.Debug|Any CPU.Build.0 = Debug|Any CPU
		{179B26B0-47B3-4B76-9264-4E0844650ECD}.Release|Any CPU.ActiveCfg = Release|Any CPU
		{179B26B0-47B3-4B76-9264-4E0844650ECD}.Release|Any CPU.Build.0 = Release|Any CPU
		{FF951069-CB15-4BC0-87C3-BA658AE585A0}.Debug|Any CPU.ActiveCfg = Debug|Any CPU
		{FF951069-CB15-4BC0-87C3-BA658AE585A0}.Debug|Any CPU.Build.0 = Debug|Any CPU
		{FF951069-CB15-4BC0-87C3-BA658AE585A0}.Release|Any CPU.ActiveCfg = Release|Any CPU
		{FF951069-CB15-4BC0-87C3-BA658AE585A0}.Release|Any CPU.Build.0 = Release|Any CPU
		{F7639E33-DC38-48CC-9CAF-16DAF8880082}.Debug|Any CPU.ActiveCfg = Debug|Any CPU
		{F7639E33-DC38-48CC-9CAF-16DAF8880082}.Debug|Any CPU.Build.0 = Debug|Any CPU
		{F7639E33-DC38-48CC-9CAF-16DAF8880082}.Release|Any CPU.ActiveCfg = Release|Any CPU
		{F7639E33-DC38-48CC-9CAF-16DAF8880082}.Release|Any CPU.Build.0 = Release|Any CPU
		{6DBA6A5E-499B-43D6-B45B-713272F52A6C}.Debug|Any CPU.ActiveCfg = Debug|Any CPU
		{6DBA6A5E-499B-43D6-B45B-713272F52A6C}.Debug|Any CPU.Build.0 = Debug|Any CPU
		{6DBA6A5E-499B-43D6-B45B-713272F52A6C}.Release|Any CPU.ActiveCfg = Release|Any CPU
		{6DBA6A5E-499B-43D6-B45B-713272F52A6C}.Release|Any CPU.Build.0 = Release|Any CPU
	EndGlobalSection
	GlobalSection(SolutionProperties) = preSolution
		HideSolutionNode = FALSE
	EndGlobalSection
	GlobalSection(NestedProjects) = preSolution
		{7B280058-5509-4926-BE14-2FC54C158DF0} = {77EBC463-E787-4970-B9CA-F41B24E7B188}
		{F97E2414-C8F7-4307-B791-0CF7FA433AB3} = {C7D0B7CF-2E59-4282-87F4-592E55D8D3BC}
		{5EA91A06-DA5F-48B4-B888-4B304B63DF5B} = {E387896B-ED3F-4E80-A939-0D33F546A740}
		{C89E8E75-1CCF-41B4-804A-D411CA238DC1} = {13E8AF8A-0DFA-49E3-8271-C561A57C3EFB}
		{FFDBD61F-D021-4A3F-8A30-7C7E8FE93726} = {C89E8E75-1CCF-41B4-804A-D411CA238DC1}
		{5DE52610-982E-4FA3-928E-181D88D1454F} = {C89E8E75-1CCF-41B4-804A-D411CA238DC1}
		{103EDE15-53EF-4842-9BF0-1B60C867D224} = {C89E8E75-1CCF-41B4-804A-D411CA238DC1}
		{AE5FAFC9-FB72-4265-ADB8-00D57AC70679} = {C89E8E75-1CCF-41B4-804A-D411CA238DC1}
		{179B26B0-47B3-4B76-9264-4E0844650ECD} = {103EDE15-53EF-4842-9BF0-1B60C867D224}
		{FF951069-CB15-4BC0-87C3-BA658AE585A0} = {5DE52610-982E-4FA3-928E-181D88D1454F}
		{F7639E33-DC38-48CC-9CAF-16DAF8880082} = {AE5FAFC9-FB72-4265-ADB8-00D57AC70679}
		{6DBA6A5E-499B-43D6-B45B-713272F52A6C} = {FFDBD61F-D021-4A3F-8A30-7C7E8FE93726}
	EndGlobalSection
	GlobalSection(ExtensibilityGlobals) = postSolution
		SolutionGuid = {DD765814-5D70-41C5-BBD3-C74885D7CF81}
	EndGlobalSection
EndGlobal
